
Microsoft Visual Studio Solution File, Format Version 12.00
# Visual Studio 2013
VisualStudioVersion = 12.0.40629.0
MinimumVisualStudioVersion = 10.0.40219.1
Project("{FAE04EC0-301F-11D3-BF4B-00C04F79EFBC}") = "IoCSample03_MethodInjection", "IoCSamples\IoCSample03_MethodInjection.csproj", "{B2DDC4A2-6D1D-4329-9925-84171E5C3223}"
EndProject
Project("{FAE04EC0-301F-11D3-BF4B-00C04F79EFBC}") = "IoCSample01_CtorInjection", "IoCSample_CtorInjection\IoCSample01_CtorInjection.csproj", "{3FFA5D31-0E7D-4D3A-8F60-0A889BC12F11}"
EndProject
Project("{FAE04EC0-301F-11D3-BF4B-00C04F79EFBC}") = "IoCSample02_AttributeInjection", "IoCSample_AttributeInjection\IoCSample02_AttributeInjection.csproj", "{F84ADB3A-E363-412D-ADD2-A5C05B2D1992}"
EndProject
Project("{FAE04EC0-301F-11D3-BF4B-00C04F79EFBC}") = "IoCSample04_Singleton", "IoCSample_Singleton\IoCSample04_Singleton.csproj", "{4D7BC205-EAF6-4BCB-9615-BF7D25CF6ABE}"
EndProject
Project("{FAE04EC0-301F-11D3-BF4B-00C04F79EFBC}") = "IoCSample00_Simple", "IoCSample00_Simple\IoCSample00_Simple.csproj", "{A9807236-388A-4D00-9192-518032C0A11D}"
EndProject
Project("{FAE04EC0-301F-11D3-BF4B-00C04F79EFBC}") = "IoCSample05_AutoFacSingleton", "IoCSample05_AutoFacSingleton\IoCSample05_AutoFacSingleton.csproj", "{77BA3F7E-A8B5-42BD-B18B-AA4D4EF2740B}"
EndProject
Project("{FAE04EC0-301F-11D3-BF4B-00C04F79EFBC}") = "IoCSample06_AutoFacEnumerate", "IoCSample06_AutoFacEnumerate\IoCSample06_AutoFacEnumerate.csproj", "{D4BA4F56-08DE-4BAC-B3E7-98016DF84656}"
EndProject
Project("{FAE04EC0-301F-11D3-BF4B-00C04F79EFBC}") = "IoCSample07_AutoFacAssemblyScanning", "IoCSample07_AutoFacAssemblyScanning\IoCSample07_AutoFacAssemblyScanning.csproj", "{7443A797-910D-456B-82CB-66F3A427F3CB}"
EndProject
Project("{FAE04EC0-301F-11D3-BF4B-00C04F79EFBC}") = "IoCSample08_AutoFacModule", "IoCSample_AutoFacModule\IoCSample08_AutoFacModule.csproj", "{618D111B-4F0D-4BBF-86F6-7C434448C8B8}"
EndProject
Project("{FAE04EC0-301F-11D3-BF4B-00C04F79EFBC}") = "IoCSample09_Interception", "IoCSample09_Interception\IoCSample09_Interception.csproj", "{9C230169-7128-4856-9064-1365470E546F}"
EndProject
Project("{FAE04EC0-301F-11D3-BF4B-00C04F79EFBC}") = "IoCSample00_InversionOfControl", "IoCSample00_InversionOfControl\IoCSample00_InversionOfControl.csproj", "{B184A00A-1667-4501-A513-5CF8EB3CA5BA}"
EndProject
Project("{2150E333-8FDC-42A3-9474-1A3956D46DE8}") = "00 InversionOfControl", "00 InversionOfControl", "{1C0DA56E-C265-4AC9-AE7A-E6D8EE6770B0}"
EndProject
Project("{2150E333-8FDC-42A3-9474-1A3956D46DE8}") = "10 Unity Explicit", "10 Unity Explicit", "{74951EBA-2E65-40F7-B298-85B9A8B5ECB8}"
EndProject
Project("{2150E333-8FDC-42A3-9474-1A3956D46DE8}") = "20 Unity Explicit Attribute", "20 Unity Explicit Attribute", "{955DFEF4-4894-4C70-9649-8E40D7864F64}"
EndProject
Project("{2150E333-8FDC-42A3-9474-1A3956D46DE8}") = "30 Unity Explicit Method", "30 Unity Explicit Method", "{7C1F79DB-DD23-467D-A2BB-38CFC042E748}"
EndProject
Project("{2150E333-8FDC-42A3-9474-1A3956D46DE8}") = "40 Unity Explicit Singleton", "40 Unity Explicit Singleton", "{BC8C054B-F754-4574-9C09-2881966606DC}"
EndProject
Project("{FAE04EC0-301F-11D3-BF4B-00C04F79EFBC}") = "IoCSample04.1_NinjectSingleton", "IoCSample04.1_NinjectSingleton\IoCSample04.1_NinjectSingleton.csproj", "{067E5063-B857-4041-BF6F-04E38764BE51}"
EndProject
Project("{2150E333-8FDC-42A3-9474-1A3956D46DE8}") = "50 Ninject Explicit Singleton", "50 Ninject Explicit Singleton", "{3EEB8A2E-2E48-4B26-BCD3-16718A3D66D9}"
EndProject
Global
	GlobalSection(SolutionConfigurationPlatforms) = preSolution
		Debug|Any CPU = Debug|Any CPU
		Release|Any CPU = Release|Any CPU
	EndGlobalSection
	GlobalSection(ProjectConfigurationPlatforms) = postSolution
		{B2DDC4A2-6D1D-4329-9925-84171E5C3223}.Debug|Any CPU.ActiveCfg = Debug|Any CPU
		{B2DDC4A2-6D1D-4329-9925-84171E5C3223}.Debug|Any CPU.Build.0 = Debug|Any CPU
		{B2DDC4A2-6D1D-4329-9925-84171E5C3223}.Release|Any CPU.ActiveCfg = Release|Any CPU
		{B2DDC4A2-6D1D-4329-9925-84171E5C3223}.Release|Any CPU.Build.0 = Release|Any CPU
		{3FFA5D31-0E7D-4D3A-8F60-0A889BC12F11}.Debug|Any CPU.ActiveCfg = Debug|Any CPU
		{3FFA5D31-0E7D-4D3A-8F60-0A889BC12F11}.Debug|Any CPU.Build.0 = Debug|Any CPU
		{3FFA5D31-0E7D-4D3A-8F60-0A889BC12F11}.Release|Any CPU.ActiveCfg = Release|Any CPU
		{3FFA5D31-0E7D-4D3A-8F60-0A889BC12F11}.Release|Any CPU.Build.0 = Release|Any CPU
		{F84ADB3A-E363-412D-ADD2-A5C05B2D1992}.Debug|Any CPU.ActiveCfg = Debug|Any CPU
		{F84ADB3A-E363-412D-ADD2-A5C05B2D1992}.Debug|Any CPU.Build.0 = Debug|Any CPU
		{F84ADB3A-E363-412D-ADD2-A5C05B2D1992}.Release|Any CPU.ActiveCfg = Release|Any CPU
		{F84ADB3A-E363-412D-ADD2-A5C05B2D1992}.Release|Any CPU.Build.0 = Release|Any CPU
		{4D7BC205-EAF6-4BCB-9615-BF7D25CF6ABE}.Debug|Any CPU.ActiveCfg = Debug|Any CPU
		{4D7BC205-EAF6-4BCB-9615-BF7D25CF6ABE}.Debug|Any CPU.Build.0 = Debug|Any CPU
		{4D7BC205-EAF6-4BCB-9615-BF7D25CF6ABE}.Release|Any CPU.ActiveCfg = Release|Any CPU
		{4D7BC205-EAF6-4BCB-9615-BF7D25CF6ABE}.Release|Any CPU.Build.0 = Release|Any CPU
		{A9807236-388A-4D00-9192-518032C0A11D}.Debug|Any CPU.ActiveCfg = Debug|Any CPU
		{A9807236-388A-4D00-9192-518032C0A11D}.Debug|Any CPU.Build.0 = Debug|Any CPU
		{A9807236-388A-4D00-9192-518032C0A11D}.Release|Any CPU.ActiveCfg = Release|Any CPU
		{A9807236-388A-4D00-9192-518032C0A11D}.Release|Any CPU.Build.0 = Release|Any CPU
		{77BA3F7E-A8B5-42BD-B18B-AA4D4EF2740B}.Debug|Any CPU.ActiveCfg = Debug|Any CPU
		{77BA3F7E-A8B5-42BD-B18B-AA4D4EF2740B}.Debug|Any CPU.Build.0 = Debug|Any CPU
		{77BA3F7E-A8B5-42BD-B18B-AA4D4EF2740B}.Release|Any CPU.ActiveCfg = Release|Any CPU
		{77BA3F7E-A8B5-42BD-B18B-AA4D4EF2740B}.Release|Any CPU.Build.0 = Release|Any CPU
		{D4BA4F56-08DE-4BAC-B3E7-98016DF84656}.Debug|Any CPU.ActiveCfg = Debug|Any CPU
		{D4BA4F56-08DE-4BAC-B3E7-98016DF84656}.Debug|Any CPU.Build.0 = Debug|Any CPU
		{D4BA4F56-08DE-4BAC-B3E7-98016DF84656}.Release|Any CPU.ActiveCfg = Release|Any CPU
		{D4BA4F56-08DE-4BAC-B3E7-98016DF84656}.Release|Any CPU.Build.0 = Release|Any CPU
		{7443A797-910D-456B-82CB-66F3A427F3CB}.Debug|Any CPU.ActiveCfg = Debug|Any CPU
		{7443A797-910D-456B-82CB-66F3A427F3CB}.Debug|Any CPU.Build.0 = Debug|Any CPU
		{7443A797-910D-456B-82CB-66F3A427F3CB}.Release|Any CPU.ActiveCfg = Release|Any CPU
		{7443A797-910D-456B-82CB-66F3A427F3CB}.Release|Any CPU.Build.0 = Release|Any CPU
		{618D111B-4F0D-4BBF-86F6-7C434448C8B8}.Debug|Any CPU.ActiveCfg = Debug|Any CPU
		{618D111B-4F0D-4BBF-86F6-7C434448C8B8}.Debug|Any CPU.Build.0 = Debug|Any CPU
		{618D111B-4F0D-4BBF-86F6-7C434448C8B8}.Release|Any CPU.ActiveCfg = Release|Any CPU
		{618D111B-4F0D-4BBF-86F6-7C434448C8B8}.Release|Any CPU.Build.0 = Release|Any CPU
		{9C230169-7128-4856-9064-1365470E546F}.Debug|Any CPU.ActiveCfg = Debug|Any CPU
		{9C230169-7128-4856-9064-1365470E546F}.Debug|Any CPU.Build.0 = Debug|Any CPU
		{9C230169-7128-4856-9064-1365470E546F}.Release|Any CPU.ActiveCfg = Release|Any CPU
		{9C230169-7128-4856-9064-1365470E546F}.Release|Any CPU.Build.0 = Release|Any CPU
		{B184A00A-1667-4501-A513-5CF8EB3CA5BA}.Debug|Any CPU.ActiveCfg = Debug|Any CPU
		{B184A00A-1667-4501-A513-5CF8EB3CA5BA}.Debug|Any CPU.Build.0 = Debug|Any CPU
		{B184A00A-1667-4501-A513-5CF8EB3CA5BA}.Release|Any CPU.ActiveCfg = Release|Any CPU
		{B184A00A-1667-4501-A513-5CF8EB3CA5BA}.Release|Any CPU.Build.0 = Release|Any CPU
		{067E5063-B857-4041-BF6F-04E38764BE51}.Debug|Any CPU.ActiveCfg = Debug|Any CPU
		{067E5063-B857-4041-BF6F-04E38764BE51}.Debug|Any CPU.Build.0 = Debug|Any CPU
		{067E5063-B857-4041-BF6F-04E38764BE51}.Release|Any CPU.ActiveCfg = Release|Any CPU
		{067E5063-B857-4041-BF6F-04E38764BE51}.Release|Any CPU.Build.0 = Release|Any CPU
	EndGlobalSection
	GlobalSection(SolutionProperties) = preSolution
		HideSolutionNode = FALSE
	EndGlobalSection
	GlobalSection(NestedProjects) = preSolution
		{B2DDC4A2-6D1D-4329-9925-84171E5C3223} = {7C1F79DB-DD23-467D-A2BB-38CFC042E748}
		{3FFA5D31-0E7D-4D3A-8F60-0A889BC12F11} = {74951EBA-2E65-40F7-B298-85B9A8B5ECB8}
		{F84ADB3A-E363-412D-ADD2-A5C05B2D1992} = {955DFEF4-4894-4C70-9649-8E40D7864F64}
		{4D7BC205-EAF6-4BCB-9615-BF7D25CF6ABE} = {BC8C054B-F754-4574-9C09-2881966606DC}
		{B184A00A-1667-4501-A513-5CF8EB3CA5BA} = {1C0DA56E-C265-4AC9-AE7A-E6D8EE6770B0}
		{067E5063-B857-4041-BF6F-04E38764BE51} = {3EEB8A2E-2E48-4B26-BCD3-16718A3D66D9}
	EndGlobalSection
EndGlobal
